
Microsoft Visual Studio Solution File, Format Version 12.00
# Visual Studio 2013
VisualStudioVersion = 12.0.31101.0
MinimumVisualStudioVersion = 10.0.40219.1
Project("{FAE04EC0-301F-11D3-BF4B-00C04F79EFBC}") = "01.SquareRoot", "01.SquareRoot\01.SquareRoot.csproj", "{639951C3-70EB-4FA8-996D-957F60A99197}"
EndProject
Project("{FAE04EC0-301F-11D3-BF4B-00C04F79EFBC}") = "02.EnterNumbers", "02.EnterNumbers\02.EnterNumbers.csproj", "{514DF40D-B2EF-4CF5-8D82-10F773BD417B}"
EndProject
Global
	GlobalSection(SolutionConfigurationPlatforms) = preSolution
		Debug|Any CPU = Debug|Any CPU
		Release|Any CPU = Release|Any CPU
	EndGlobalSection
	GlobalSection(ProjectConfigurationPlatforms) = postSolution
		{639951C3-70EB-4FA8-996D-957F60A99197}.Debug|Any CPU.ActiveCfg = Debug|Any CPU
		{639951C3-70EB-4FA8-996D-957F60A99197}.Debug|Any CPU.Build.0 = Debug|Any CPU
		{639951C3-70EB-4FA8-996D-957F60A99197}.Release|Any CPU.ActiveCfg = Release|Any CPU
		{639951C3-70EB-4FA8-996D-957F60A99197}.Release|Any CPU.Build.0 = Release|Any CPU
		{514DF40D-B2EF-4CF5-8D82-10F773BD417B}.Debug|Any CPU.ActiveCfg = Debug|Any CPU
		{514DF40D-B2EF-4CF5-8D82-10F773BD417B}.Debug|Any CPU.Build.0 = Debug|Any CPU
		{514DF40D-B2EF-4CF5-8D82-10F773BD417B}.Release|Any CPU.ActiveCfg = Release|Any CPU
		{514DF40D-B2EF-4CF5-8D82-10F773BD417B}.Release|Any CPU.Build.0 = Release|Any CPU
	EndGlobalSection
	GlobalSection(SolutionProperties) = preSolution
		HideSolutionNode = FALSE
	EndGlobalSection
EndGlobal
